// !$*UTF8*$!
{
	archiveVersion = 1;
	classes = {
	};
	objectVersion = 55;
	objects = {

/* Begin PBXBuildFile section */
		AFD8AC49272EB95A00705B09 /* main.c in Sources */ = {isa = PBXBuildFile; fileRef = AFD8AC48272EB95A00705B09 /* main.c */; };
		AFD8AC55272EBA3800705B09 /* bariere.c in Sources */ = {isa = PBXBuildFile; fileRef = AFD8AC53272EBA3800705B09 /* bariere.c */; };
		AFD8AC56272EBA3800705B09 /* crosshaire.c in Sources */ = {isa = PBXBuildFile; fileRef = AFD8AC54272EBA3800705B09 /* crosshaire.c */; };
		AFD8AC67272EBA7000705B09 /* terrain.c in Sources */ = {isa = PBXBuildFile; fileRef = AFD8AC57272EBA6F00705B09 /* terrain.c */; };
		AFD8AC68272EBA7000705B09 /* joueur.c in Sources */ = {isa = PBXBuildFile; fileRef = AFD8AC5B272EBA6F00705B09 /* joueur.c */; };
		AFD8AC69272EBA7000705B09 /* jeu.c in Sources */ = {isa = PBXBuildFile; fileRef = AFD8AC63272EBA7000705B09 /* jeu.c */; };
/* End PBXBuildFile section */

/* Begin PBXCopyFilesBuildPhase section */
		AFD8AC43272EB95A00705B09 /* CopyFiles */ = {
			isa = PBXCopyFilesBuildPhase;
			buildActionMask = 2147483647;
			dstPath = /usr/share/man/man1/;
			dstSubfolderSpec = 0;
			files = (
			);
			runOnlyForDeploymentPostprocessing = 1;
		};
/* End PBXCopyFilesBuildPhase section */

/* Begin PBXFileReference section */
		AFD8AC45272EB95A00705B09 /* QUORIDOR */ = {isa = PBXFileReference; explicitFileType = "compiled.mach-o.executable"; includeInIndex = 0; path = QUORIDOR; sourceTree = BUILT_PRODUCTS_DIR; };
		AFD8AC48272EB95A00705B09 /* main.c */ = {isa = PBXFileReference; lastKnownFileType = sourcecode.c.c; path = main.c; sourceTree = "<group>"; };
		AFD8AC52272EBA3800705B09 /* bariere.h */ = {isa = PBXFileReference; fileEncoding = 4; lastKnownFileType = sourcecode.c.h; path = bariere.h; sourceTree = "<group>"; };
		AFD8AC53272EBA3800705B09 /* bariere.c */ = {isa = PBXFileReference; fileEncoding = 4; lastKnownFileType = sourcecode.c.c; path = bariere.c; sourceTree = "<group>"; };
		AFD8AC54272EBA3800705B09 /* crosshaire.c */ = {isa = PBXFileReference; fileEncoding = 4; lastKnownFileType = sourcecode.c.c; path = crosshaire.c; sourceTree = "<group>"; };
		AFD8AC57272EBA6F00705B09 /* terrain.c */ = {isa = PBXFileReference; fileEncoding = 4; lastKnownFileType = sourcecode.c.c; path = terrain.c; sourceTree = "<group>"; };
		AFD8AC5A272EBA6F00705B09 /* joueur.h */ = {isa = PBXFileReference; fileEncoding = 4; lastKnownFileType = sourcecode.c.h; path = joueur.h; sourceTree = "<group>"; };
		AFD8AC5B272EBA6F00705B09 /* joueur.c */ = {isa = PBXFileReference; fileEncoding = 4; lastKnownFileType = sourcecode.c.c; path = joueur.c; sourceTree = "<group>"; };
		AFD8AC5F272EBA6F00705B09 /* jeu.h */ = {isa = PBXFileReference; fileEncoding = 4; lastKnownFileType = sourcecode.c.h; path = jeu.h; sourceTree = "<group>"; };
		AFD8AC62272EBA7000705B09 /* terrain.h */ = {isa = PBXFileReference; fileEncoding = 4; lastKnownFileType = sourcecode.c.h; path = terrain.h; sourceTree = "<group>"; };
		AFD8AC63272EBA7000705B09 /* jeu.c */ = {isa = PBXFileReference; fileEncoding = 4; lastKnownFileType = sourcecode.c.c; path = jeu.c; sourceTree = "<group>"; };
/* End PBXFileReference section */

/* Begin PBXFrameworksBuildPhase section */
		AFD8AC42272EB95A00705B09 /* Frameworks */ = {
			isa = PBXFrameworksBuildPhase;
			buildActionMask = 2147483647;
			files = (
			);
			runOnlyForDeploymentPostprocessing = 0;
		};
/* End PBXFrameworksBuildPhase section */

/* Begin PBXGroup section */
		AFD8AC3C272EB95A00705B09 = {
			isa = PBXGroup;
			children = (
				AFD8AC48272EB95A00705B09 /* main.c */,
				AFD8AC5F272EBA6F00705B09 /* jeu.h */,
				AFD8AC63272EBA7000705B09 /* jeu.c */,
				AFD8AC5A272EBA6F00705B09 /* joueur.h */,
				AFD8AC5B272EBA6F00705B09 /* joueur.c */,
				AFD8AC62272EBA7000705B09 /* terrain.h */,
				AFD8AC57272EBA6F00705B09 /* terrain.c */,
				AFD8AC53272EBA3800705B09 /* bariere.c */,
				AFD8AC52272EBA3800705B09 /* bariere.h */,
				AFD8AC54272EBA3800705B09 /* crosshaire.c */,
				AFD8AC46272EB95A00705B09 /* Products */,
			);
			sourceTree = "<group>";
			usesTabs = 0;
		};
		AFD8AC46272EB95A00705B09 /* Products */ = {
			isa = PBXGroup;
			children = (
				AFD8AC45272EB95A00705B09 /* QUORIDOR */,
			);
			name = Products;
			sourceTree = "<group>";
		};
/* End PBXGroup section */

/* Begin PBXNativeTarget section */
		AFD8AC44272EB95A00705B09 /* QUORIDOR */ = {
			isa = PBXNativeTarget;
			buildConfigurationList = AFD8AC4C272EB95A00705B09 /* Build configuration list for PBXNativeTarget "QUORIDOR" */;
			buildPhases = (
				AFD8AC41272EB95A00705B09 /* Sources */,
				AFD8AC42272EB95A00705B09 /* Frameworks */,
				AFD8AC43272EB95A00705B09 /* CopyFiles */,
			);
			buildRules = (
			);
			dependencies = (
			);
			name = QUORIDOR;
			productName = QUORIDOR;
			productReference = AFD8AC45272EB95A00705B09 /* QUORIDOR */;
			productType = "com.apple.product-type.tool";
		};
/* End PBXNativeTarget section */

/* Begin PBXProject section */
		AFD8AC3D272EB95A00705B09 /* Project object */ = {
			isa = PBXProject;
			attributes = {
				BuildIndependentTargetsInParallel = 1;
				LastUpgradeCheck = 1310;
				TargetAttributes = {
					AFD8AC44272EB95A00705B09 = {
						CreatedOnToolsVersion = 13.1;
					};
				};
			};
			buildConfigurationList = AFD8AC40272EB95A00705B09 /* Build configuration list for PBXProject "QUORIDOR" */;
			compatibilityVersion = "Xcode 13.0";
			developmentRegion = en;
			hasScannedForEncodings = 0;
			knownRegions = (
				en,
				Base,
			);
			mainGroup = AFD8AC3C272EB95A00705B09;
			productRefGroup = AFD8AC46272EB95A00705B09 /* Products */;
			projectDirPath = "";
			projectRoot = "";
			targets = (
				AFD8AC44272EB95A00705B09 /* QUORIDOR */,
			);
		};
/* End PBXProject section */

/* Begin PBXSourcesBuildPhase section */
		AFD8AC41272EB95A00705B09 /* Sources */ = {
			isa = PBXSourcesBuildPhase;
			buildActionMask = 2147483647;
			files = (
				AFD8AC69272EBA7000705B09 /* jeu.c in Sources */,
				AFD8AC56272EBA3800705B09 /* crosshaire.c in Sources */,
				AFD8AC55272EBA3800705B09 /* bariere.c in Sources */,
				AFD8AC49272EB95A00705B09 /* main.c in Sources */,
				AFD8AC67272EBA7000705B09 /* terrain.c in Sources */,
				AFD8AC68272EBA7000705B09 /* joueur.c in Sources */,
			);
			runOnlyForDeploymentPostprocessing = 0;
		};
/* End PBXSourcesBuildPhase section */

/* Begin XCBuildConfiguration section */
		AFD8AC4A272EB95A00705B09 /* Debug */ = {
			isa = XCBuildConfiguration;
			buildSettings = {
				ALWAYS_SEARCH_USER_PATHS = NO;
				CLANG_ANALYZER_NONNULL = YES;
				CLANG_ANALYZER_NUMBER_OBJECT_CONVERSION = YES_AGGRESSIVE;
				CLANG_CXX_LANGUAGE_STANDARD = "gnu++17";
				CLANG_CXX_LIBRARY = "libc++";
				CLANG_ENABLE_MODULES = YES;
				CLANG_ENABLE_OBJC_ARC = YES;
				CLANG_ENABLE_OBJC_WEAK = YES;
				CLANG_WARN_BLOCK_CAPTURE_AUTORELEASING = YES;
				CLANG_WARN_BOOL_CONVERSION = YES;
				CLANG_WARN_COMMA = YES;
				CLANG_WARN_CONSTANT_CONVERSION = YES;
				CLANG_WARN_DEPRECATED_OBJC_IMPLEMENTATIONS = YES;
				CLANG_WARN_DIRECT_OBJC_ISA_USAGE = YES_ERROR;
				CLANG_WARN_DOCUMENTATION_COMMENTS = YES;
				CLANG_WARN_EMPTY_BODY = YES;
				CLANG_WARN_ENUM_CONVERSION = YES;
				CLANG_WARN_INFINITE_RECURSION = YES;
				CLANG_WARN_INT_CONVERSION = YES;
				CLANG_WARN_NON_LITERAL_NULL_CONVERSION = YES;
				CLANG_WARN_OBJC_IMPLICIT_RETAIN_SELF = YES;
				CLANG_WARN_OBJC_LITERAL_CONVERSION = YES;
				CLANG_WARN_OBJC_ROOT_CLASS = YES_ERROR;
				CLANG_WARN_QUOTED_INCLUDE_IN_FRAMEWORK_HEADER = YES;
				CLANG_WARN_RANGE_LOOP_ANALYSIS = YES;
				CLANG_WARN_STRICT_PROTOTYPES = YES;
				CLANG_WARN_SUSPICIOUS_MOVE = YES;
				CLANG_WARN_UNGUARDED_AVAILABILITY = YES_AGGRESSIVE;
				CLANG_WARN_UNREACHABLE_CODE = YES;
				CLANG_WARN__DUPLICATE_METHOD_MATCH = YES;
				COPY_PHASE_STRIP = NO;
				DEBUG_INFORMATION_FORMAT = dwarf;
				ENABLE_STRICT_OBJC_MSGSEND = YES;
				ENABLE_TESTABILITY = YES;
				GCC_C_LANGUAGE_STANDARD = gnu11;
				GCC_DYNAMIC_NO_PIC = NO;
				GCC_NO_COMMON_BLOCKS = YES;
				GCC_OPTIMIZATION_LEVEL = 0;
				GCC_PREPROCESSOR_DEFINITIONS = (
					"DEBUG=1",
					"$(inherited)",
				);
				GCC_WARN_64_TO_32_BIT_CONVERSION = YES;
				GCC_WARN_ABOUT_RETURN_TYPE = YES_ERROR;
				GCC_WARN_UNDECLARED_SELECTOR = YES;
				GCC_WARN_UNINITIALIZED_AUTOS = YES_AGGRESSIVE;
				GCC_WARN_UNUSED_FUNCTION = YES;
				GCC_WARN_UNUSED_VARIABLE = YES;
				MACOSX_DEPLOYMENT_TARGET = 11.3;
				MTL_ENABLE_DEBUG_INFO = INCLUDE_SOURCE;
				MTL_FAST_MATH = YES;
				ONLY_ACTIVE_ARCH = YES;
				SDKROOT = macosx;
			};
			name = Debug;
		};
		AFD8AC4B272EB95A00705B09 /* Release */ = {
			isa = XCBuildConfiguration;
			buildSettings = {
				ALWAYS_SEARCH_USER_PATHS = NO;
				CLANG_ANALYZER_NONNULL = YES;
				CLANG_ANALYZER_NUMBER_OBJECT_CONVERSION = YES_AGGRESSIVE;
				CLANG_CXX_LANGUAGE_STANDARD = "gnu++17";
				CLANG_CXX_LIBRARY = "libc++";
				CLANG_ENABLE_MODULES = YES;
				CLANG_ENABLE_OBJC_ARC = YES;
				CLANG_ENABLE_OBJC_WEAK = YES;
				CLANG_WARN_BLOCK_CAPTURE_AUTORELEASING = YES;
				CLANG_WARN_BOOL_CONVERSION = YES;
				CLANG_WARN_COMMA = YES;
				CLANG_WARN_CONSTANT_CONVERSION = YES;
				CLANG_WARN_DEPRECATED_OBJC_IMPLEMENTATIONS = YES;
				CLANG_WARN_DIRECT_OBJC_ISA_USAGE = YES_ERROR;
				CLANG_WARN_DOCUMENTATION_COMMENTS = YES;
				CLANG_WARN_EMPTY_BODY = YES;
				CLANG_WARN_ENUM_CONVERSION = YES;
				CLANG_WARN_INFINITE_RECURSION = YES;
				CLANG_WARN_INT_CONVERSION = YES;
				CLANG_WARN_NON_LITERAL_NULL_CONVERSION = YES;
				CLANG_WARN_OBJC_IMPLICIT_RETAIN_SELF = YES;
				CLANG_WARN_OBJC_LITERAL_CONVERSION = YES;
				CLANG_WARN_OBJC_ROOT_CLASS = YES_ERROR;
				CLANG_WARN_QUOTED_INCLUDE_IN_FRAMEWORK_HEADER = YES;
				CLANG_WARN_RANGE_LOOP_ANALYSIS = YES;
				CLANG_WARN_STRICT_PROTOTYPES = YES;
				CLANG_WARN_SUSPICIOUS_MOVE = YES;
				CLANG_WARN_UNGUARDED_AVAILABILITY = YES_AGGRESSIVE;
				CLANG_WARN_UNREACHABLE_CODE = YES;
				CLANG_WARN__DUPLICATE_METHOD_MATCH = YES;
				COPY_PHASE_STRIP = NO;
				DEBUG_INFORMATION_FORMAT = "dwarf-with-dsym";
				ENABLE_NS_ASSERTIONS = NO;
				ENABLE_STRICT_OBJC_MSGSEND = YES;
				GCC_C_LANGUAGE_STANDARD = gnu11;
				GCC_NO_COMMON_BLOCKS = YES;
				GCC_WARN_64_TO_32_BIT_CONVERSION = YES;
				GCC_WARN_ABOUT_RETURN_TYPE = YES_ERROR;
				GCC_WARN_UNDECLARED_SELECTOR = YES;
				GCC_WARN_UNINITIALIZED_AUTOS = YES_AGGRESSIVE;
				GCC_WARN_UNUSED_FUNCTION = YES;
				GCC_WARN_UNUSED_VARIABLE = YES;
				MACOSX_DEPLOYMENT_TARGET = 11.3;
				MTL_ENABLE_DEBUG_INFO = NO;
				MTL_FAST_MATH = YES;
				SDKROOT = macosx;
			};
			name = Release;
		};
		AFD8AC4D272EB95A00705B09 /* Debug */ = {
			isa = XCBuildConfiguration;
			buildSettings = {
				CODE_SIGN_STYLE = Automatic;
				DEVELOPMENT_TEAM = AYDAQ9XB22;
				ENABLE_HARDENED_RUNTIME = YES;
				PRODUCT_NAME = "$(TARGET_NAME)";
			};
			name = Debug;
		};
		AFD8AC4E272EB95A00705B09 /* Release */ = {
			isa = XCBuildConfiguration;
			buildSettings = {
				CODE_SIGN_STYLE = Automatic;
				DEVELOPMENT_TEAM = AYDAQ9XB22;
				ENABLE_HARDENED_RUNTIME = YES;
				PRODUCT_NAME = "$(TARGET_NAME)";
			};
			name = Release;
		};
/* End XCBuildConfiguration section */

/* Begin XCConfigurationList section */
		AFD8AC40272EB95A00705B09 /* Build configuration list for PBXProject "QUORIDOR" */ = {
			isa = XCConfigurationList;
			buildConfigurations = (
				AFD8AC4A272EB95A00705B09 /* Debug */,
				AFD8AC4B272EB95A00705B09 /* Release */,
			);
			defaultConfigurationIsVisible = 0;
			defaultConfigurationName = Release;
		};
		AFD8AC4C272EB95A00705B09 /* Build configuration list for PBXNativeTarget "QUORIDOR" */ = {
			isa = XCConfigurationList;
			buildConfigurations = (
				AFD8AC4D272EB95A00705B09 /* Debug */,
				AFD8AC4E272EB95A00705B09 /* Release */,
			);
			defaultConfigurationIsVisible = 0;
			defaultConfigurationName = Release;
		};
/* End XCConfigurationList section */
	};
	rootObject = AFD8AC3D272EB95A00705B09 /* Project object */;
}
